
Microsoft Visual Studio Solution File, Format Version 12.00
# Visual Studio Version 16
VisualStudioVersion = 16.0.31424.327
MinimumVisualStudioVersion = 10.0.40219.1
Project("{9A19103F-16F7-4668-BE54-9A1E7A4F7556}") = "Day1", "Day1\Day1.csproj", "{69DAB52A-5806-4BB7-B410-B83C63FAD508}"
EndProject
Project("{9A19103F-16F7-4668-BE54-9A1E7A4F7556}") = "Variables_Example1", "Variables_Example1\Variables_Example1.csproj", "{84E75ECA-7741-4657-8477-5676958F6C8F}"
EndProject
Project("{9A19103F-16F7-4668-BE54-9A1E7A4F7556}") = "Variables_Example2", "Variables_Example2\Variables_Example2.csproj", "{95E5723A-9A12-4574-AE31-B6CC1B3FFE94}"
EndProject
Project("{9A19103F-16F7-4668-BE54-9A1E7A4F7556}") = "Variables_Example3", "Variables_Example3\Variables_Example3.csproj", "{4F4691CE-811B-4CF9-9172-EF46978C5972}"
EndProject
Project("{9A19103F-16F7-4668-BE54-9A1E7A4F7556}") = "Variables_Example4", "Variables_Example4\Variables_Example4.csproj", "{BEC4FA9A-DE91-4E11-967A-952E60E36045}"
EndProject
Project("{9A19103F-16F7-4668-BE54-9A1E7A4F7556}") = "Conditionals_Example1", "Conditionals_Example1\Conditionals_Example1.csproj", "{122DBD83-D951-451A-82DD-DE80E001F2D1}"
EndProject
Project("{9A19103F-16F7-4668-BE54-9A1E7A4F7556}") = "Conditionals_Example2", "Conditionals_Example2\Conditionals_Example2.csproj", "{948BA819-A900-4574-A224-3A6BCE26B164}"
EndProject
Project("{9A19103F-16F7-4668-BE54-9A1E7A4F7556}") = "Conditionals_Example3", "Conditionals_Example3\Conditionals_Example3.csproj", "{9F36A0AE-9FA2-4594-B6DB-B1D992FFCD77}"
EndProject
Project("{9A19103F-16F7-4668-BE54-9A1E7A4F7556}") = "Conditionals_Example4", "Conditionals_Example4\Conditionals_Example4.csproj", "{816E13ED-095D-40E0-91CF-C1567F612DB5}"
EndProject
Project("{9A19103F-16F7-4668-BE54-9A1E7A4F7556}") = "Loops_While", "Loops_While\Loops_While.csproj", "{DC8C0FF4-0E31-4F30-A2F4-CABCF6C115E0}"
EndProject
Project("{9A19103F-16F7-4668-BE54-9A1E7A4F7556}") = "Loops_Do", "Loops_Do\Loops_Do.csproj", "{C931D505-67D3-4A4A-809F-8C660D2F12A1}"
EndProject
Project("{9A19103F-16F7-4668-BE54-9A1E7A4F7556}") = "Loops_For", "Loops_For\Loops_For.csproj", "{7EEEA6C9-1BD0-4EA0-A5B6-59F6BF3F2E16}"
EndProject
Project("{9A19103F-16F7-4668-BE54-9A1E7A4F7556}") = "Loops_Example1", "Loops_Example1\Loops_Example1.csproj", "{A87A8872-850D-448B-9003-938D28EE8260}"
EndProject
Project("{9A19103F-16F7-4668-BE54-9A1E7A4F7556}") = "Loops_Example2", "Loops_Example2\Loops_Example2.csproj", "{4836D7F6-ABF5-495E-8B86-F2A256054B15}"
EndProject
Project("{9A19103F-16F7-4668-BE54-9A1E7A4F7556}") = "Loops_Example3", "Loops_Example3\Loops_Example3.csproj", "{10F8938B-9FAA-45B0-81E8-49DB03EF9119}"
EndProject
Project("{9A19103F-16F7-4668-BE54-9A1E7A4F7556}") = "Loops_Example4", "Loops_Example4\Loops_Example4.csproj", "{284BE740-0B92-4948-9F97-F5ECC84BC614}"
EndProject
Project("{FAE04EC0-301F-11D3-BF4B-00C04F79EFBC}") = "Enum_Example1", "Enum_Example1\Enum_Example1.csproj", "{434E3829-C447-4DEA-83A0-44B5771F722B}"
EndProject
Project("{FAE04EC0-301F-11D3-BF4B-00C04F79EFBC}") = "Strings_Example1", "Strings_Example1\Strings_Example1.csproj", "{ECB169EE-67FC-4EF9-AE86-E4E11CF12F15}"
EndProject
Global
	GlobalSection(SolutionConfigurationPlatforms) = preSolution
		Debug|Any CPU = Debug|Any CPU
		Release|Any CPU = Release|Any CPU
	EndGlobalSection
	GlobalSection(ProjectConfigurationPlatforms) = postSolution
		{69DAB52A-5806-4BB7-B410-B83C63FAD508}.Debug|Any CPU.ActiveCfg = Debug|Any CPU
		{69DAB52A-5806-4BB7-B410-B83C63FAD508}.Debug|Any CPU.Build.0 = Debug|Any CPU
		{69DAB52A-5806-4BB7-B410-B83C63FAD508}.Release|Any CPU.ActiveCfg = Release|Any CPU
		{69DAB52A-5806-4BB7-B410-B83C63FAD508}.Release|Any CPU.Build.0 = Release|Any CPU
		{84E75ECA-7741-4657-8477-5676958F6C8F}.Debug|Any CPU.ActiveCfg = Debug|Any CPU
		{84E75ECA-7741-4657-8477-5676958F6C8F}.Debug|Any CPU.Build.0 = Debug|Any CPU
		{84E75ECA-7741-4657-8477-5676958F6C8F}.Release|Any CPU.ActiveCfg = Release|Any CPU
		{84E75ECA-7741-4657-8477-5676958F6C8F}.Release|Any CPU.Build.0 = Release|Any CPU
		{95E5723A-9A12-4574-AE31-B6CC1B3FFE94}.Debug|Any CPU.ActiveCfg = Debug|Any CPU
		{95E5723A-9A12-4574-AE31-B6CC1B3FFE94}.Debug|Any CPU.Build.0 = Debug|Any CPU
		{95E5723A-9A12-4574-AE31-B6CC1B3FFE94}.Release|Any CPU.ActiveCfg = Release|Any CPU
		{95E5723A-9A12-4574-AE31-B6CC1B3FFE94}.Release|Any CPU.Build.0 = Release|Any CPU
		{4F4691CE-811B-4CF9-9172-EF46978C5972}.Debug|Any CPU.ActiveCfg = Debug|Any CPU
		{4F4691CE-811B-4CF9-9172-EF46978C5972}.Debug|Any CPU.Build.0 = Debug|Any CPU
		{4F4691CE-811B-4CF9-9172-EF46978C5972}.Release|Any CPU.ActiveCfg = Release|Any CPU
		{4F4691CE-811B-4CF9-9172-EF46978C5972}.Release|Any CPU.Build.0 = Release|Any CPU
		{BEC4FA9A-DE91-4E11-967A-952E60E36045}.Debug|Any CPU.ActiveCfg = Debug|Any CPU
		{BEC4FA9A-DE91-4E11-967A-952E60E36045}.Debug|Any CPU.Build.0 = Debug|Any CPU
		{BEC4FA9A-DE91-4E11-967A-952E60E36045}.Release|Any CPU.ActiveCfg = Release|Any CPU
		{BEC4FA9A-DE91-4E11-967A-952E60E36045}.Release|Any CPU.Build.0 = Release|Any CPU
		{122DBD83-D951-451A-82DD-DE80E001F2D1}.Debug|Any CPU.ActiveCfg = Debug|Any CPU
		{122DBD83-D951-451A-82DD-DE80E001F2D1}.Debug|Any CPU.Build.0 = Debug|Any CPU
		{122DBD83-D951-451A-82DD-DE80E001F2D1}.Release|Any CPU.ActiveCfg = Release|Any CPU
		{122DBD83-D951-451A-82DD-DE80E001F2D1}.Release|Any CPU.Build.0 = Release|Any CPU
		{948BA819-A900-4574-A224-3A6BCE26B164}.Debug|Any CPU.ActiveCfg = Debug|Any CPU
		{948BA819-A900-4574-A224-3A6BCE26B164}.Debug|Any CPU.Build.0 = Debug|Any CPU
		{948BA819-A900-4574-A224-3A6BCE26B164}.Release|Any CPU.ActiveCfg = Release|Any CPU
		{948BA819-A900-4574-A224-3A6BCE26B164}.Release|Any CPU.Build.0 = Release|Any CPU
		{9F36A0AE-9FA2-4594-B6DB-B1D992FFCD77}.Debug|Any CPU.ActiveCfg = Debug|Any CPU
		{9F36A0AE-9FA2-4594-B6DB-B1D992FFCD77}.Debug|Any CPU.Build.0 = Debug|Any CPU
		{9F36A0AE-9FA2-4594-B6DB-B1D992FFCD77}.Release|Any CPU.ActiveCfg = Release|Any CPU
		{9F36A0AE-9FA2-4594-B6DB-B1D992FFCD77}.Release|Any CPU.Build.0 = Release|Any CPU
		{816E13ED-095D-40E0-91CF-C1567F612DB5}.Debug|Any CPU.ActiveCfg = Debug|Any CPU
		{816E13ED-095D-40E0-91CF-C1567F612DB5}.Debug|Any CPU.Build.0 = Debug|Any CPU
		{816E13ED-095D-40E0-91CF-C1567F612DB5}.Release|Any CPU.ActiveCfg = Release|Any CPU
		{816E13ED-095D-40E0-91CF-C1567F612DB5}.Release|Any CPU.Build.0 = Release|Any CPU
		{DC8C0FF4-0E31-4F30-A2F4-CABCF6C115E0}.Debug|Any CPU.ActiveCfg = Debug|Any CPU
		{DC8C0FF4-0E31-4F30-A2F4-CABCF6C115E0}.Debug|Any CPU.Build.0 = Debug|Any CPU
		{DC8C0FF4-0E31-4F30-A2F4-CABCF6C115E0}.Release|Any CPU.ActiveCfg = Release|Any CPU
		{DC8C0FF4-0E31-4F30-A2F4-CABCF6C115E0}.Release|Any CPU.Build.0 = Release|Any CPU
		{C931D505-67D3-4A4A-809F-8C660D2F12A1}.Debug|Any CPU.ActiveCfg = Debug|Any CPU
		{C931D505-67D3-4A4A-809F-8C660D2F12A1}.Debug|Any CPU.Build.0 = Debug|Any CPU
		{C931D505-67D3-4A4A-809F-8C660D2F12A1}.Release|Any CPU.ActiveCfg = Release|Any CPU
		{C931D505-67D3-4A4A-809F-8C660D2F12A1}.Release|Any CPU.Build.0 = Release|Any CPU
		{7EEEA6C9-1BD0-4EA0-A5B6-59F6BF3F2E16}.Debug|Any CPU.ActiveCfg = Debug|Any CPU
		{7EEEA6C9-1BD0-4EA0-A5B6-59F6BF3F2E16}.Debug|Any CPU.Build.0 = Debug|Any CPU
		{7EEEA6C9-1BD0-4EA0-A5B6-59F6BF3F2E16}.Release|Any CPU.ActiveCfg = Release|Any CPU
		{7EEEA6C9-1BD0-4EA0-A5B6-59F6BF3F2E16}.Release|Any CPU.Build.0 = Release|Any CPU
		{A87A8872-850D-448B-9003-938D28EE8260}.Debug|Any CPU.ActiveCfg = Debug|Any CPU
		{A87A8872-850D-448B-9003-938D28EE8260}.Debug|Any CPU.Build.0 = Debug|Any CPU
		{A87A8872-850D-448B-9003-938D28EE8260}.Release|Any CPU.ActiveCfg = Release|Any CPU
		{A87A8872-850D-448B-9003-938D28EE8260}.Release|Any CPU.Build.0 = Release|Any CPU
		{4836D7F6-ABF5-495E-8B86-F2A256054B15}.Debug|Any CPU.ActiveCfg = Debug|Any CPU
		{4836D7F6-ABF5-495E-8B86-F2A256054B15}.Debug|Any CPU.Build.0 = Debug|Any CPU
		{4836D7F6-ABF5-495E-8B86-F2A256054B15}.Release|Any CPU.ActiveCfg = Release|Any CPU
		{4836D7F6-ABF5-495E-8B86-F2A256054B15}.Release|Any CPU.Build.0 = Release|Any CPU
		{10F8938B-9FAA-45B0-81E8-49DB03EF9119}.Debug|Any CPU.ActiveCfg = Debug|Any CPU
		{10F8938B-9FAA-45B0-81E8-49DB03EF9119}.Debug|Any CPU.Build.0 = Debug|Any CPU
		{10F8938B-9FAA-45B0-81E8-49DB03EF9119}.Release|Any CPU.ActiveCfg = Release|Any CPU
		{10F8938B-9FAA-45B0-81E8-49DB03EF9119}.Release|Any CPU.Build.0 = Release|Any CPU
		{284BE740-0B92-4948-9F97-F5ECC84BC614}.Debug|Any CPU.ActiveCfg = Debug|Any CPU
		{284BE740-0B92-4948-9F97-F5ECC84BC614}.Debug|Any CPU.Build.0 = Debug|Any CPU
		{284BE740-0B92-4948-9F97-F5ECC84BC614}.Release|Any CPU.ActiveCfg = Release|Any CPU
		{284BE740-0B92-4948-9F97-F5ECC84BC614}.Release|Any CPU.Build.0 = Release|Any CPU
		{434E3829-C447-4DEA-83A0-44B5771F722B}.Debug|Any CPU.ActiveCfg = Debug|Any CPU
		{434E3829-C447-4DEA-83A0-44B5771F722B}.Debug|Any CPU.Build.0 = Debug|Any CPU
		{434E3829-C447-4DEA-83A0-44B5771F722B}.Release|Any CPU.ActiveCfg = Release|Any CPU
		{434E3829-C447-4DEA-83A0-44B5771F722B}.Release|Any CPU.Build.0 = Release|Any CPU
		{ECB169EE-67FC-4EF9-AE86-E4E11CF12F15}.Debug|Any CPU.ActiveCfg = Debug|Any CPU
		{ECB169EE-67FC-4EF9-AE86-E4E11CF12F15}.Debug|Any CPU.Build.0 = Debug|Any CPU
		{ECB169EE-67FC-4EF9-AE86-E4E11CF12F15}.Release|Any CPU.ActiveCfg = Release|Any CPU
		{ECB169EE-67FC-4EF9-AE86-E4E11CF12F15}.Release|Any CPU.Build.0 = Release|Any CPU
	EndGlobalSection
	GlobalSection(SolutionProperties) = preSolution
		HideSolutionNode = FALSE
	EndGlobalSection
	GlobalSection(ExtensibilityGlobals) = postSolution
		SolutionGuid = {EA1992B9-7954-4AE7-8EF7-8BA071A16784}
	EndGlobalSection
EndGlobal
